{
  "version": 4,
  "terraform_version": "1.3.2",
  "serial": 81,
  "lineage": "e1cd215c-1409-e95c-f3be-16be4bea44e3",
  "outputs": {},
  "resources": [
    {
      "mode": "managed",
      "type": "azurerm_lb",
      "name": "lb",
      "provider": "provider[\"registry.terraform.io/hashicorp/azurerm\"]",
      "instances": [
        {
          "schema_version": 0,
          "attributes": {
            "edge_zone": "",
            "frontend_ip_configuration": [
              {
                "gateway_load_balancer_frontend_ip_configuration_id": "",
                "id": "/subscriptions/b65dd3c1-7840-4cd9-9242-97f445dde84d/resourceGroups/rg-udacity-project-1/providers/Microsoft.Network/loadBalancers/lb-udacity-project-1/frontendIPConfigurations/PublicIPAddress",
                "inbound_nat_rules": [],
                "load_balancer_rules": [
                  "/subscriptions/b65dd3c1-7840-4cd9-9242-97f445dde84d/resourceGroups/rg-udacity-project-1/providers/Microsoft.Network/loadBalancers/lb-udacity-project-1/loadBalancingRules/http"
                ],
                "name": "PublicIPAddress",
                "outbound_rules": [],
                "private_ip_address": "",
                "private_ip_address_allocation": "Dynamic",
                "private_ip_address_version": "",
                "public_ip_address_id": "/subscriptions/b65dd3c1-7840-4cd9-9242-97f445dde84d/resourceGroups/rg-udacity-project-1/providers/Microsoft.Network/publicIPAddresses/ip-udacity-project-1",
                "public_ip_prefix_id": "",
                "subnet_id": "",
                "zones": []
              }
            ],
            "id": "/subscriptions/b65dd3c1-7840-4cd9-9242-97f445dde84d/resourceGroups/rg-udacity-project-1/providers/Microsoft.Network/loadBalancers/lb-udacity-project-1",
            "location": "eastus",
            "name": "lb-udacity-project-1",
            "private_ip_address": "",
            "private_ip_addresses": [],
            "resource_group_name": "rg-udacity-project-1",
            "sku": "Basic",
            "sku_tier": "Regional",
            "tags": {
              "project": "udacity-project-1"
            },
            "timeouts": null
          },
          "sensitive_attributes": [],
          "private": "eyJlMmJmYjczMC1lY2FhLTExZTYtOGY4OC0zNDM2M2JjN2M0YzAiOnsiY3JlYXRlIjoxODAwMDAwMDAwMDAwLCJkZWxldGUiOjE4MDAwMDAwMDAwMDAsInJlYWQiOjMwMDAwMDAwMDAwMCwidXBkYXRlIjoxODAwMDAwMDAwMDAwfX0=",
          "dependencies": [
            "azurerm_public_ip.ip",
            "azurerm_resource_group.rg"
          ]
        }
      ]
    },
    {
      "mode": "managed",
      "type": "azurerm_lb_probe",
      "name": "lbp",
      "provider": "provider[\"registry.terraform.io/hashicorp/azurerm\"]",
      "instances": [
        {
          "schema_version": 0,
          "attributes": {
            "id": "/subscriptions/b65dd3c1-7840-4cd9-9242-97f445dde84d/resourceGroups/rg-udacity-project-1/providers/Microsoft.Network/loadBalancers/lb-udacity-project-1/probes/lbp-udacity-project-1",
            "interval_in_seconds": 15,
            "load_balancer_rules": [
              "/subscriptions/b65dd3c1-7840-4cd9-9242-97f445dde84d/resourceGroups/rg-udacity-project-1/providers/Microsoft.Network/loadBalancers/lb-udacity-project-1/loadBalancingRules/http"
            ],
            "loadbalancer_id": "/subscriptions/b65dd3c1-7840-4cd9-9242-97f445dde84d/resourceGroups/rg-udacity-project-1/providers/Microsoft.Network/loadBalancers/lb-udacity-project-1",
            "name": "lbp-udacity-project-1",
            "number_of_probes": 2,
            "port": 80,
            "protocol": "Tcp",
            "request_path": "",
            "timeouts": null
          },
          "sensitive_attributes": [],
          "private": "eyJlMmJmYjczMC1lY2FhLTExZTYtOGY4OC0zNDM2M2JjN2M0YzAiOnsiY3JlYXRlIjoxODAwMDAwMDAwMDAwLCJkZWxldGUiOjE4MDAwMDAwMDAwMDAsInJlYWQiOjMwMDAwMDAwMDAwMCwidXBkYXRlIjoxODAwMDAwMDAwMDAwfX0=",
          "dependencies": [
            "azurerm_lb.lb",
            "azurerm_public_ip.ip",
            "azurerm_resource_group.rg"
          ]
        }
      ]
    },
    {
      "mode": "managed",
      "type": "azurerm_public_ip",
      "name": "ip",
      "provider": "provider[\"registry.terraform.io/hashicorp/azurerm\"]",
      "instances": [
        {
          "schema_version": 0,
          "attributes": {
            "allocation_method": "Static",
            "ddos_protection_mode": "VirtualNetworkInherited",
            "ddos_protection_plan_id": null,
            "domain_name_label": null,
            "edge_zone": "",
            "fqdn": null,
            "id": "/subscriptions/b65dd3c1-7840-4cd9-9242-97f445dde84d/resourceGroups/rg-udacity-project-1/providers/Microsoft.Network/publicIPAddresses/ip-udacity-project-1",
            "idle_timeout_in_minutes": 4,
            "ip_address": "20.119.32.189",
            "ip_tags": {},
            "ip_version": "IPv4",
            "location": "eastus",
            "name": "ip-udacity-project-1",
            "public_ip_prefix_id": null,
            "resource_group_name": "rg-udacity-project-1",
            "reverse_fqdn": null,
            "sku": "Basic",
            "sku_tier": "Regional",
            "tags": {
              "project": "udacity-project-1"
            },
            "timeouts": null,
            "zones": []
          },
          "sensitive_attributes": [],
          "private": "eyJlMmJmYjczMC1lY2FhLTExZTYtOGY4OC0zNDM2M2JjN2M0YzAiOnsiY3JlYXRlIjoxODAwMDAwMDAwMDAwLCJkZWxldGUiOjE4MDAwMDAwMDAwMDAsInJlYWQiOjMwMDAwMDAwMDAwMCwidXBkYXRlIjoxODAwMDAwMDAwMDAwfX0=",
          "dependencies": [
            "azurerm_resource_group.rg"
          ]
        }
      ]
    },
    {
      "mode": "managed",
      "type": "azurerm_resource_group",
      "name": "rg",
      "provider": "provider[\"registry.terraform.io/hashicorp/azurerm\"]",
      "instances": [
        {
          "schema_version": 0,
          "attributes": {
            "id": "/subscriptions/b65dd3c1-7840-4cd9-9242-97f445dde84d/resourceGroups/rg-udacity-project-1",
            "location": "eastus",
            "name": "rg-udacity-project-1",
            "tags": {
              "project": "udacity-project-1"
            },
            "timeouts": null
          },
          "sensitive_attributes": [],
          "private": "eyJlMmJmYjczMC1lY2FhLTExZTYtOGY4OC0zNDM2M2JjN2M0YzAiOnsiY3JlYXRlIjo1NDAwMDAwMDAwMDAwLCJkZWxldGUiOjU0MDAwMDAwMDAwMDAsInJlYWQiOjMwMDAwMDAwMDAwMCwidXBkYXRlIjo1NDAwMDAwMDAwMDAwfX0="
        }
      ]
    }
  ],
  "check_results": []
}
