{
  "version": 4,
  "terraform_version": "1.3.4",
  "serial": 9,
  "lineage": "e1cd215c-1409-e95c-f3be-16be4bea44e3",
  "outputs": {},
  "resources": [
    {
      "mode": "data",
      "type": "azurerm_image",
      "name": "image",
      "provider": "provider[\"registry.terraform.io/hashicorp/azurerm\"]",
      "instances": [
        {
          "schema_version": 0,
          "attributes": {
            "data_disk": [],
            "id": "/subscriptions/b65dd3c1-7840-4cd9-9242-97f445dde84d/resourceGroups/rg-udacity-images/providers/Microsoft.Compute/images/im-azure-project1",
            "location": "eastus",
            "name": "im-azure-project1",
            "name_regex": null,
            "os_disk": [
              {
                "blob_uri": "",
                "caching": "ReadWrite",
                "managed_disk_id": "/subscriptions/b65dd3c1-7840-4cd9-9242-97f445dde84d/resourceGroups/pkr-Resource-Group-2hezxq5jda/providers/Microsoft.Compute/disks/pkros2hezxq5jda",
                "os_state": "Generalized",
                "os_type": "Linux",
                "size_gb": 30
              }
            ],
            "resource_group_name": "rg-udacity-images",
            "sort_descending": false,
            "tags": {
              "project": "Udacity"
            },
            "timeouts": null,
            "zone_resilient": false
          },
          "sensitive_attributes": []
        }
      ]
    },
    {
      "mode": "data",
      "type": "azurerm_resource_group",
      "name": "rg-image",
      "provider": "provider[\"registry.terraform.io/hashicorp/azurerm\"]",
      "instances": [
        {
          "schema_version": 0,
          "attributes": {
            "id": "/subscriptions/b65dd3c1-7840-4cd9-9242-97f445dde84d/resourceGroups/rg-udacity-images",
            "location": "eastus",
            "name": "rg-udacity-images",
            "tags": {},
            "timeouts": null
          },
          "sensitive_attributes": []
        }
      ]
    },
    {
      "mode": "managed",
      "type": "azurerm_availability_set",
      "name": "vmas",
      "provider": "provider[\"registry.terraform.io/hashicorp/azurerm\"]",
      "instances": [
        {
          "schema_version": 0,
          "attributes": {
            "id": "/subscriptions/b65dd3c1-7840-4cd9-9242-97f445dde84d/resourceGroups/rg-udacity-project-1/providers/Microsoft.Compute/availabilitySets/vmas-udacity-project-1",
            "location": "eastus",
            "managed": true,
            "name": "vmas-udacity-project-1",
            "platform_fault_domain_count": 3,
            "platform_update_domain_count": 5,
            "proximity_placement_group_id": null,
            "resource_group_name": "rg-udacity-project-1",
            "tags": null,
            "timeouts": null
          },
          "sensitive_attributes": [],
          "private": "eyJlMmJmYjczMC1lY2FhLTExZTYtOGY4OC0zNDM2M2JjN2M0YzAiOnsiY3JlYXRlIjoxODAwMDAwMDAwMDAwLCJkZWxldGUiOjE4MDAwMDAwMDAwMDAsInJlYWQiOjMwMDAwMDAwMDAwMCwidXBkYXRlIjoxODAwMDAwMDAwMDAwfX0=",
          "dependencies": [
            "azurerm_resource_group.rg"
          ]
        }
      ]
    },
    {
      "mode": "managed",
      "type": "azurerm_lb",
      "name": "lb",
      "provider": "provider[\"registry.terraform.io/hashicorp/azurerm\"]",
      "instances": [
        {
          "schema_version": 0,
          "attributes": {
            "edge_zone": "",
            "frontend_ip_configuration": [
              {
                "gateway_load_balancer_frontend_ip_configuration_id": "",
                "id": "/subscriptions/b65dd3c1-7840-4cd9-9242-97f445dde84d/resourceGroups/rg-udacity-project-1/providers/Microsoft.Network/loadBalancers/lb-udacity-project-1/frontendIPConfigurations/PublicIPAddress",
                "inbound_nat_rules": [],
                "load_balancer_rules": [],
                "name": "PublicIPAddress",
                "outbound_rules": [],
                "private_ip_address": "",
                "private_ip_address_allocation": "Dynamic",
                "private_ip_address_version": "",
                "public_ip_address_id": "/subscriptions/b65dd3c1-7840-4cd9-9242-97f445dde84d/resourceGroups/rg-udacity-project-1/providers/Microsoft.Network/publicIPAddresses/ip-udacity-project-1",
                "public_ip_prefix_id": "",
                "subnet_id": "",
                "zones": null
              }
            ],
            "id": "/subscriptions/b65dd3c1-7840-4cd9-9242-97f445dde84d/resourceGroups/rg-udacity-project-1/providers/Microsoft.Network/loadBalancers/lb-udacity-project-1",
            "location": "eastus",
            "name": "lb-udacity-project-1",
            "private_ip_address": "",
            "private_ip_addresses": [],
            "resource_group_name": "rg-udacity-project-1",
            "sku": "Basic",
            "sku_tier": "Regional",
            "tags": null,
            "timeouts": null
          },
          "sensitive_attributes": [],
          "private": "eyJlMmJmYjczMC1lY2FhLTExZTYtOGY4OC0zNDM2M2JjN2M0YzAiOnsiY3JlYXRlIjoxODAwMDAwMDAwMDAwLCJkZWxldGUiOjE4MDAwMDAwMDAwMDAsInJlYWQiOjMwMDAwMDAwMDAwMCwidXBkYXRlIjoxODAwMDAwMDAwMDAwfX0=",
          "dependencies": [
            "azurerm_public_ip.ip",
            "azurerm_resource_group.rg"
          ]
        }
      ]
    },
    {
      "mode": "managed",
      "type": "azurerm_lb_backend_address_pool",
      "name": "backendpool",
      "provider": "provider[\"registry.terraform.io/hashicorp/azurerm\"]",
      "instances": [
        {
          "schema_version": 0,
          "attributes": {
            "backend_ip_configurations": [],
            "id": "/subscriptions/b65dd3c1-7840-4cd9-9242-97f445dde84d/resourceGroups/rg-udacity-project-1/providers/Microsoft.Network/loadBalancers/lb-udacity-project-1/backendAddressPools/backendpool-udacity-project-1",
            "inbound_nat_rules": [],
            "load_balancing_rules": [],
            "loadbalancer_id": "/subscriptions/b65dd3c1-7840-4cd9-9242-97f445dde84d/resourceGroups/rg-udacity-project-1/providers/Microsoft.Network/loadBalancers/lb-udacity-project-1",
            "name": "backendpool-udacity-project-1",
            "outbound_rules": [],
            "timeouts": null,
            "tunnel_interface": []
          },
          "sensitive_attributes": [],
          "private": "eyJlMmJmYjczMC1lY2FhLTExZTYtOGY4OC0zNDM2M2JjN2M0YzAiOnsiY3JlYXRlIjoxODAwMDAwMDAwMDAwLCJkZWxldGUiOjE4MDAwMDAwMDAwMDAsInJlYWQiOjMwMDAwMDAwMDAwMCwidXBkYXRlIjoxODAwMDAwMDAwMDAwfX0=",
          "dependencies": [
            "azurerm_lb.lb",
            "azurerm_public_ip.ip",
            "azurerm_resource_group.rg"
          ]
        }
      ]
    },
    {
      "mode": "managed",
      "type": "azurerm_network_interface",
      "name": "nic",
      "provider": "provider[\"registry.terraform.io/hashicorp/azurerm\"]",
      "instances": []
    },
    {
      "mode": "managed",
      "type": "azurerm_network_security_group",
      "name": "sg",
      "provider": "provider[\"registry.terraform.io/hashicorp/azurerm\"]",
      "instances": [
        {
          "schema_version": 0,
          "attributes": {
            "id": "/subscriptions/b65dd3c1-7840-4cd9-9242-97f445dde84d/resourceGroups/rg-udacity-project-1/providers/Microsoft.Network/networkSecurityGroups/sg-udacity-project-1",
            "location": "eastus",
            "name": "sg-udacity-project-1",
            "resource_group_name": "rg-udacity-project-1",
            "security_rule": [],
            "tags": null,
            "timeouts": null
          },
          "sensitive_attributes": [],
          "private": "eyJlMmJmYjczMC1lY2FhLTExZTYtOGY4OC0zNDM2M2JjN2M0YzAiOnsiY3JlYXRlIjoxODAwMDAwMDAwMDAwLCJkZWxldGUiOjE4MDAwMDAwMDAwMDAsInJlYWQiOjMwMDAwMDAwMDAwMCwidXBkYXRlIjoxODAwMDAwMDAwMDAwfX0=",
          "dependencies": [
            "azurerm_resource_group.rg"
          ]
        }
      ]
    },
    {
      "mode": "managed",
      "type": "azurerm_public_ip",
      "name": "ip",
      "provider": "provider[\"registry.terraform.io/hashicorp/azurerm\"]",
      "instances": [
        {
          "schema_version": 0,
          "attributes": {
            "allocation_method": "Static",
            "ddos_protection_mode": "VirtualNetworkInherited",
            "ddos_protection_plan_id": null,
            "domain_name_label": null,
            "edge_zone": "",
            "fqdn": null,
            "id": "/subscriptions/b65dd3c1-7840-4cd9-9242-97f445dde84d/resourceGroups/rg-udacity-project-1/providers/Microsoft.Network/publicIPAddresses/ip-udacity-project-1",
            "idle_timeout_in_minutes": 4,
            "ip_address": "20.127.55.140",
            "ip_tags": null,
            "ip_version": "IPv4",
            "location": "eastus",
            "name": "ip-udacity-project-1",
            "public_ip_prefix_id": null,
            "resource_group_name": "rg-udacity-project-1",
            "reverse_fqdn": null,
            "sku": "Basic",
            "sku_tier": "Regional",
            "tags": null,
            "timeouts": null,
            "zones": null
          },
          "sensitive_attributes": [],
          "private": "eyJlMmJmYjczMC1lY2FhLTExZTYtOGY4OC0zNDM2M2JjN2M0YzAiOnsiY3JlYXRlIjoxODAwMDAwMDAwMDAwLCJkZWxldGUiOjE4MDAwMDAwMDAwMDAsInJlYWQiOjMwMDAwMDAwMDAwMCwidXBkYXRlIjoxODAwMDAwMDAwMDAwfX0=",
          "dependencies": [
            "azurerm_resource_group.rg"
          ]
        }
      ]
    },
    {
      "mode": "managed",
      "type": "azurerm_resource_group",
      "name": "rg",
      "provider": "provider[\"registry.terraform.io/hashicorp/azurerm\"]",
      "instances": [
        {
          "schema_version": 0,
          "attributes": {
            "id": "/subscriptions/b65dd3c1-7840-4cd9-9242-97f445dde84d/resourceGroups/rg-udacity-project-1",
            "location": "eastus",
            "name": "rg-udacity-project-1",
            "tags": null,
            "timeouts": null
          },
          "sensitive_attributes": [],
          "private": "eyJlMmJmYjczMC1lY2FhLTExZTYtOGY4OC0zNDM2M2JjN2M0YzAiOnsiY3JlYXRlIjo1NDAwMDAwMDAwMDAwLCJkZWxldGUiOjU0MDAwMDAwMDAwMDAsInJlYWQiOjMwMDAwMDAwMDAwMCwidXBkYXRlIjo1NDAwMDAwMDAwMDAwfX0="
        }
      ]
    },
    {
      "mode": "managed",
      "type": "azurerm_virtual_machine",
      "name": "main",
      "provider": "provider[\"registry.terraform.io/hashicorp/azurerm\"]",
      "instances": []
    },
    {
      "mode": "managed",
      "type": "azurerm_virtual_network",
      "name": "vnet",
      "provider": "provider[\"registry.terraform.io/hashicorp/azurerm\"]",
      "instances": [
        {
          "schema_version": 0,
          "attributes": {
            "address_space": [
              "10.0.0.0/16"
            ],
            "bgp_community": "",
            "ddos_protection_plan": [],
            "dns_servers": [],
            "edge_zone": "",
            "flow_timeout_in_minutes": 0,
            "guid": "002f139f-cb3c-4d28-b8e0-01584cfecca6",
            "id": "/subscriptions/b65dd3c1-7840-4cd9-9242-97f445dde84d/resourceGroups/rg-udacity-project-1/providers/Microsoft.Network/virtualNetworks/vnet-udacity-project-1",
            "location": "eastus",
            "name": "vnet-udacity-project-1",
            "resource_group_name": "rg-udacity-project-1",
            "subnet": [
              {
                "address_prefix": "10.0.1.0/24",
                "id": "/subscriptions/b65dd3c1-7840-4cd9-9242-97f445dde84d/resourceGroups/rg-udacity-project-1/providers/Microsoft.Network/virtualNetworks/vnet-udacity-project-1/subnets/subnet-private-udacity-project-1",
                "name": "subnet-private-udacity-project-1",
                "security_group": "/subscriptions/b65dd3c1-7840-4cd9-9242-97f445dde84d/resourceGroups/rg-udacity-project-1/providers/Microsoft.Network/networkSecurityGroups/sg-udacity-project-1"
              }
            ],
            "tags": null,
            "timeouts": null
          },
          "sensitive_attributes": [],
          "private": "eyJlMmJmYjczMC1lY2FhLTExZTYtOGY4OC0zNDM2M2JjN2M0YzAiOnsiY3JlYXRlIjoxODAwMDAwMDAwMDAwLCJkZWxldGUiOjE4MDAwMDAwMDAwMDAsInJlYWQiOjMwMDAwMDAwMDAwMCwidXBkYXRlIjoxODAwMDAwMDAwMDAwfX0=",
          "dependencies": [
            "azurerm_network_security_group.sg",
            "azurerm_resource_group.rg"
          ]
        }
      ]
    }
  ],
  "check_results": null
}
